# This file is @generated by PDM.
# It is not intended for manual editing.

[metadata]
groups = ["default"]
strategy = ["inherit_metadata"]
lock_version = "4.5.0"
content_hash = "sha256:54caa1a37589ba13cef6c6db9317a3a56abd414956dcbd49308629ef758ff4ae"

[[metadata.targets]]
requires_python = "==3.14.*"

[[package]]
name = "pypinyin"
version = "0.55.0"
requires_python = "!=3.0.*,!=3.1.*,!=3.2.*,<4,>=2.6"
summary = "汉字拼音转换模块/工具."
groups = ["default"]
dependencies = [
    "argparse; python_version < \"2.7\"",
    "enum34; python_version < \"3.4\"",
    "typing; python_version < \"3.5\"",
]
files = [
    {file = "pypinyin-0.55.0-py2.py3-none-any.whl", hash = "sha256:d53b1e8ad2cdb815fb2cb604ed3123372f5a28c6f447571244aca36fc62a286f"},
    {file = "pypinyin-0.55.0.tar.gz", hash = "sha256:b5711b3a0c6f76e67408ec6b2e3c4987a3a806b7c528076e7c7b86fcf0eaa66b"},
]

[[package]]
name = "python-pinyin"
version = "0.1.0"
summary = "UNKNOWN"
groups = ["default"]
dependencies = [
    "pypinyin",
]
files = [
    {file = "python-pinyin-0.1.0.tar.gz", hash = "sha256:aa2cf8ab92437f79da248d60e4231aa89bf433d5709857c0e7209d1da5ac008f"},
    {file = "python_pinyin-0.1.0-py3-none-any.whl", hash = "sha256:2bcdc0767c054d1b5c23fae9d965f767eb1a3d97c29016abfa4e5b73fd0b48aa"},
]
